
Microsoft Visual Studio Solution File, Format Version 12.00
# Visual Studio Version 16
VisualStudioVersion = 16.0.29102.190
MinimumVisualStudioVersion = 10.0.40219.1
Project("{FAE04EC0-301F-11D3-BF4B-00C04F79EFBC}") = "WebApplication8", "WebApplication8\WebApplication8.csproj", "{76DFA6C2-6D2B-4361-9F18-D9BDBD0CE2AB}"
EndProject
Global
	GlobalSection(SolutionConfigurationPlatforms) = preSolution
		Debug|Any CPU = Debug|Any CPU
		Release|Any CPU = Release|Any CPU
	EndGlobalSection
	GlobalSection(ProjectConfigurationPlatforms) = postSolution
		{76DFA6C2-6D2B-4361-9F18-D9BDBD0CE2AB}.Debug|Any CPU.ActiveCfg = Debug|Any CPU
		{76DFA6C2-6D2B-4361-9F18-D9BDBD0CE2AB}.Debug|Any CPU.Build.0 = Debug|Any CPU
		{76DFA6C2-6D2B-4361-9F18-D9BDBD0CE2AB}.Release|Any CPU.ActiveCfg = Release|Any CPU
		{76DFA6C2-6D2B-4361-9F18-D9BDBD0CE2AB}.Release|Any CPU.Build.0 = Release|Any CPU
	EndGlobalSection
	GlobalSection(SolutionProperties) = preSolution
		HideSolutionNode = FALSE
	EndGlobalSection
	GlobalSection(ExtensibilityGlobals) = postSolution
		SolutionGuid = {7EBE0342-92B1-44D7-9A45-50FEEE109DF8}
	EndGlobalSection
EndGlobal
